// !$*UTF8*$!
{
	archiveVersion = 1;
	classes = {
	};
	objectVersion = 46;
	objects = {

/* Begin PBXBuildFile section */
		A7DF6F881D9BB9240097CEB7 /* CalculationPerformanceTests.swift in Sources */ = {isa = PBXBuildFile; fileRef = A7DF6F811D9BB9240097CEB7 /* CalculationPerformanceTests.swift */; };
		A7DF6F891D9BB9240097CEB7 /* DimensionTests.swift in Sources */ = {isa = PBXBuildFile; fileRef = A7DF6F821D9BB9240097CEB7 /* DimensionTests.swift */; };
		A7DF6F8A1D9BB9240097CEB7 /* PowerTests.swift in Sources */ = {isa = PBXBuildFile; fileRef = A7DF6F841D9BB9240097CEB7 /* PowerTests.swift */; };
		A7DF6F8B1D9BB9240097CEB7 /* TensorNNTests.swift in Sources */ = {isa = PBXBuildFile; fileRef = A7DF6F851D9BB9240097CEB7 /* TensorNNTests.swift */; };
		A7DF6F8C1D9BB9240097CEB7 /* TensorSwiftSample.swift in Sources */ = {isa = PBXBuildFile; fileRef = A7DF6F861D9BB9240097CEB7 /* TensorSwiftSample.swift */; };
		A7DF6F8D1D9BB9240097CEB7 /* TensorTests.swift in Sources */ = {isa = PBXBuildFile; fileRef = A7DF6F871D9BB9240097CEB7 /* TensorTests.swift */; };
		A7DF6F8F1D9BB9660097CEB7 /* TensorSwiftTests.swift in Sources */ = {isa = PBXBuildFile; fileRef = A7DF6F8E1D9BB9660097CEB7 /* TensorSwiftTests.swift */; };
		_LinkFileRef_TensorSwift_via_TensorSwiftTests /* TensorSwift.framework in Frameworks */ = {isa = PBXBuildFile; fileRef = "_____Product_TensorSwift" /* TensorSwift.framework */; };
		__src_cc_ref_Sources/Dimension.swift /* Dimension.swift in Sources */ = {isa = PBXBuildFile; fileRef = __PBXFileRef_Sources/Dimension.swift /* Dimension.swift */; };
		__src_cc_ref_Sources/Operators.swift /* Operators.swift in Sources */ = {isa = PBXBuildFile; fileRef = __PBXFileRef_Sources/Operators.swift /* Operators.swift */; };
		__src_cc_ref_Sources/Shape.swift /* Shape.swift in Sources */ = {isa = PBXBuildFile; fileRef = __PBXFileRef_Sources/Shape.swift /* Shape.swift */; };
		__src_cc_ref_Sources/Tensor.swift /* Tensor.swift in Sources */ = {isa = PBXBuildFile; fileRef = __PBXFileRef_Sources/Tensor.swift /* Tensor.swift */; };
		__src_cc_ref_Sources/TensorMath.swift /* TensorMath.swift in Sources */ = {isa = PBXBuildFile; fileRef = __PBXFileRef_Sources/TensorMath.swift /* TensorMath.swift */; };
		__src_cc_ref_Sources/TensorNN.swift /* TensorNN.swift in Sources */ = {isa = PBXBuildFile; fileRef = __PBXFileRef_Sources/TensorNN.swift /* TensorNN.swift */; };
		__src_cc_ref_Sources/Utils.swift /* Utils.swift in Sources */ = {isa = PBXBuildFile; fileRef = __PBXFileRef_Sources/Utils.swift /* Utils.swift */; };
/* End PBXBuildFile section */

/* Begin PBXContainerItemProxy section */
		A7DF6EB61D9A1AC40097CEB7 /* PBXContainerItemProxy */ = {
			isa = PBXContainerItemProxy;
			containerPortal = __RootObject_ /* Project object */;
			proxyType = 1;
			remoteGlobalIDString = "______Target_TensorSwift";
			remoteInfo = TensorSwift;
		};
/* End PBXContainerItemProxy section */

/* Begin PBXFileReference section */
		A7DF6F811D9BB9240097CEB7 /* CalculationPerformanceTests.swift */ = {isa = PBXFileReference; fileEncoding = 4; lastKnownFileType = sourcecode.swift; path = CalculationPerformanceTests.swift; sourceTree = "<group>"; };
		A7DF6F821D9BB9240097CEB7 /* DimensionTests.swift */ = {isa = PBXFileReference; fileEncoding = 4; lastKnownFileType = sourcecode.swift; path = DimensionTests.swift; sourceTree = "<group>"; };
		A7DF6F841D9BB9240097CEB7 /* PowerTests.swift */ = {isa = PBXFileReference; fileEncoding = 4; lastKnownFileType = sourcecode.swift; path = PowerTests.swift; sourceTree = "<group>"; };
		A7DF6F851D9BB9240097CEB7 /* TensorNNTests.swift */ = {isa = PBXFileReference; fileEncoding = 4; lastKnownFileType = sourcecode.swift; path = TensorNNTests.swift; sourceTree = "<group>"; };
		A7DF6F861D9BB9240097CEB7 /* TensorSwiftSample.swift */ = {isa = PBXFileReference; fileEncoding = 4; lastKnownFileType = sourcecode.swift; path = TensorSwiftSample.swift; sourceTree = "<group>"; };
		A7DF6F871D9BB9240097CEB7 /* TensorTests.swift */ = {isa = PBXFileReference; fileEncoding = 4; lastKnownFileType = sourcecode.swift; path = TensorTests.swift; sourceTree = "<group>"; };
		A7DF6F8E1D9BB9660097CEB7 /* TensorSwiftTests.swift */ = {isa = PBXFileReference; fileEncoding = 4; lastKnownFileType = sourcecode.swift; path = TensorSwiftTests.swift; sourceTree = "<group>"; };
		__PBXFileRef_Package.swift /* Package.swift */ = {isa = PBXFileReference; lastKnownFileType = sourcecode.swift; path = Package.swift; sourceTree = "<group>"; };
		__PBXFileRef_Resources /* Resources */ = {isa = PBXFileReference; lastKnownFileType = folder; path = Resources; sourceTree = "<group>"; };
		__PBXFileRef_Sources/Dimension.swift /* Dimension.swift */ = {isa = PBXFileReference; lastKnownFileType = sourcecode.swift; path = Dimension.swift; sourceTree = "<group>"; };
		__PBXFileRef_Sources/Operators.swift /* Operators.swift */ = {isa = PBXFileReference; lastKnownFileType = sourcecode.swift; path = Operators.swift; sourceTree = "<group>"; };
		__PBXFileRef_Sources/Shape.swift /* Shape.swift */ = {isa = PBXFileReference; lastKnownFileType = sourcecode.swift; path = Shape.swift; sourceTree = "<group>"; };
		__PBXFileRef_Sources/Tensor.swift /* Tensor.swift */ = {isa = PBXFileReference; lastKnownFileType = sourcecode.swift; path = Tensor.swift; sourceTree = "<group>"; };
		__PBXFileRef_Sources/TensorMath.swift /* TensorMath.swift */ = {isa = PBXFileReference; lastKnownFileType = sourcecode.swift; path = TensorMath.swift; sourceTree = "<group>"; };
		__PBXFileRef_Sources/TensorNN.swift /* TensorNN.swift */ = {isa = PBXFileReference; lastKnownFileType = sourcecode.swift; path = TensorNN.swift; sourceTree = "<group>"; };
		__PBXFileRef_Sources/Utils.swift /* Utils.swift */ = {isa = PBXFileReference; lastKnownFileType = sourcecode.swift; path = Utils.swift; sourceTree = "<group>"; };
		__PBXFileRef_TensorSwift.xcodeproj/Configs/Project.xcconfig /* TensorSwift.xcodeproj/Configs/Project.xcconfig */ = {isa = PBXFileReference; lastKnownFileType = text.xcconfig; path = TensorSwift.xcodeproj/Configs/Project.xcconfig; sourceTree = "<group>"; };
		"_____Product_TensorSwift" /* TensorSwift.framework */ = {isa = PBXFileReference; explicitFileType = wrapper.framework; path = TensorSwift.framework; sourceTree = BUILT_PRODUCTS_DIR; };
		"_____Product_TensorSwiftTests" /* TensorSwiftTests.xctest */ = {isa = PBXFileReference; explicitFileType = wrapper.cfbundle; path = TensorSwiftTests.xctest; sourceTree = BUILT_PRODUCTS_DIR; };
/* End PBXFileReference section */

/* Begin PBXFrameworksBuildPhase section */
		"___LinkPhase_TensorSwift" /* Frameworks */ = {
			isa = PBXFrameworksBuildPhase;
			buildActionMask = 0;
			files = (
			);
			runOnlyForDeploymentPostprocessing = 0;
		};
		"___LinkPhase_TensorSwiftTests" /* Frameworks */ = {
			isa = PBXFrameworksBuildPhase;
			buildActionMask = 0;
			files = (
				_LinkFileRef_TensorSwift_via_TensorSwiftTests /* TensorSwift.framework in Frameworks */,
			);
			runOnlyForDeploymentPostprocessing = 0;
		};
/* End PBXFrameworksBuildPhase section */

/* Begin PBXGroup section */
		TestProducts_ /* Tests */ = {
			isa = PBXGroup;
			children = (
				"_____Product_TensorSwiftTests" /* TensorSwiftTests.xctest */,
			);
			name = Tests;
			sourceTree = "<group>";
		};
		"___RootGroup_" = {
			isa = PBXGroup;
			children = (
				__PBXFileRef_Package.swift /* Package.swift */,
				"_____Configs_" /* Configs */,
				"_____Sources_" /* Sources */,
				__PBXFileRef_Resources /* Resources */,
				"_______Tests_" /* Tests */,
				"____Products_" /* Products */,
			);
			sourceTree = "<group>";
		};
		"____Products_" /* Products */ = {
			isa = PBXGroup;
			children = (
				TestProducts_ /* Tests */,
				"_____Product_TensorSwift" /* TensorSwift.framework */,
			);
			name = Products;
			sourceTree = "<group>";
		};
		"_____Configs_" /* Configs */ = {
			isa = PBXGroup;
			children = (
				__PBXFileRef_TensorSwift.xcodeproj/Configs/Project.xcconfig /* TensorSwift.xcodeproj/Configs/Project.xcconfig */,
			);
			name = Configs;
			sourceTree = "<group>";
		};
		"_____Sources_" /* Sources */ = {
			isa = PBXGroup;
			children = (
				"_______Group_TensorSwift" /* TensorSwift */,
			);
			name = Sources;
			sourceTree = "<group>";
		};
		"_______Group_TensorSwift" /* TensorSwift */ = {
			isa = PBXGroup;
			children = (
				__PBXFileRef_Sources/Dimension.swift /* Dimension.swift */,
				__PBXFileRef_Sources/Operators.swift /* Operators.swift */,
				__PBXFileRef_Sources/Shape.swift /* Shape.swift */,
				__PBXFileRef_Sources/Tensor.swift /* Tensor.swift */,
				__PBXFileRef_Sources/TensorMath.swift /* TensorMath.swift */,
				__PBXFileRef_Sources/TensorNN.swift /* TensorNN.swift */,
				__PBXFileRef_Sources/Utils.swift /* Utils.swift */,
			);
			name = TensorSwift;
			path = Sources;
			sourceTree = "<group>";
		};
		"_______Group_TensorSwiftTests" /* TensorSwiftTests */ = {
			isa = PBXGroup;
			children = (
				A7DF6F8E1D9BB9660097CEB7 /* TensorSwiftTests.swift */,
				A7DF6F811D9BB9240097CEB7 /* CalculationPerformanceTests.swift */,
				A7DF6F821D9BB9240097CEB7 /* DimensionTests.swift */,
				A7DF6F841D9BB9240097CEB7 /* PowerTests.swift */,
				A7DF6F851D9BB9240097CEB7 /* TensorNNTests.swift */,
				A7DF6F861D9BB9240097CEB7 /* TensorSwiftSample.swift */,
				A7DF6F871D9BB9240097CEB7 /* TensorTests.swift */,
			);
			name = TensorSwiftTests;
			path = Tests/TensorSwiftTests;
			sourceTree = "<group>";
		};
		"_______Tests_" /* Tests */ = {
			isa = PBXGroup;
			children = (
				"_______Group_TensorSwiftTests" /* TensorSwiftTests */,
			);
			name = Tests;
			sourceTree = "<group>";
		};
/* End PBXGroup section */

/* Begin PBXNativeTarget section */
		"______Target_TensorSwift" /* TensorSwift */ = {
			isa = PBXNativeTarget;
			buildConfigurationList = "_______Confs_TensorSwift" /* Build configuration list for PBXNativeTarget "TensorSwift" */;
			buildPhases = (
				CompilePhase_TensorSwift /* Sources */,
				"___LinkPhase_TensorSwift" /* Frameworks */,
			);
			buildRules = (
			);
			dependencies = (
			);
			name = TensorSwift;
			productName = TensorSwift;
			productReference = "_____Product_TensorSwift" /* TensorSwift.framework */;
			productType = "com.apple.product-type.framework";
		};
		"______Target_TensorSwiftTests" /* TensorSwiftTests */ = {
			isa = PBXNativeTarget;
			buildConfigurationList = "_______Confs_TensorSwiftTests" /* Build configuration list for PBXNativeTarget "TensorSwiftTests" */;
			buildPhases = (
				CompilePhase_TensorSwiftTests /* Sources */,
				"___LinkPhase_TensorSwiftTests" /* Frameworks */,
			);
			buildRules = (
			);
			dependencies = (
				__Dependency_TensorSwift /* PBXTargetDependency */,
			);
			name = TensorSwiftTests;
			productName = TensorSwiftTests;
			productReference = "_____Product_TensorSwiftTests" /* TensorSwiftTests.xctest */;
			productType = "com.apple.product-type.bundle.unit-test";
		};
/* End PBXNativeTarget section */

/* Begin PBXProject section */
		__RootObject_ /* Project object */ = {
			isa = PBXProject;
			attributes = {
				LastUpgradeCheck = 9999;
				TargetAttributes = {
					"______Target_TensorSwiftTests" = {
						LastSwiftMigration = 0800;
					};
				};
			};
			buildConfigurationList = "___RootConfs_" /* Build configuration list for PBXProject "TensorSwift" */;
			compatibilityVersion = "Xcode 3.2";
			developmentRegion = English;
			hasScannedForEncodings = 0;
			knownRegions = (
				en,
			);
			mainGroup = "___RootGroup_";
			productRefGroup = "____Products_" /* Products */;
			projectDirPath = "";
			projectRoot = "";
			targets = (
				"______Target_TensorSwift" /* TensorSwift */,
				"______Target_TensorSwiftTests" /* TensorSwiftTests */,
			);
		};
/* End PBXProject section */

/* Begin PBXSourcesBuildPhase section */
		CompilePhase_TensorSwift /* Sources */ = {
			isa = PBXSourcesBuildPhase;
			buildActionMask = 0;
			files = (
				A7DF6F891D9BB9240097CEB7 /* DimensionTests.swift in Sources */,
				A7DF6F8A1D9BB9240097CEB7 /* PowerTests.swift in Sources */,
				A7DF6F881D9BB9240097CEB7 /* CalculationPerformanceTests.swift in Sources */,
				__src_cc_ref_Sources/Dimension.swift /* Dimension.swift in Sources */,
				A7DF6F8C1D9BB9240097CEB7 /* TensorSwiftSample.swift in Sources */,
				__src_cc_ref_Sources/Operators.swift /* Operators.swift in Sources */,
				A7DF6F8B1D9BB9240097CEB7 /* TensorNNTests.swift in Sources */,
				__src_cc_ref_Sources/Shape.swift /* Shape.swift in Sources */,
				__src_cc_ref_Sources/Tensor.swift /* Tensor.swift in Sources */,
				__src_cc_ref_Sources/TensorMath.swift /* TensorMath.swift in Sources */,
				A7DF6F8D1D9BB9240097CEB7 /* TensorTests.swift in Sources */,
				__src_cc_ref_Sources/TensorNN.swift /* TensorNN.swift in Sources */,
				__src_cc_ref_Sources/Utils.swift /* Utils.swift in Sources */,
			);
			runOnlyForDeploymentPostprocessing = 0;
		};
		CompilePhase_TensorSwiftTests /* Sources */ = {
			isa = PBXSourcesBuildPhase;
			buildActionMask = 0;
			files = (
				A7DF6F8F1D9BB9660097CEB7 /* TensorSwiftTests.swift in Sources */,
			);
			runOnlyForDeploymentPostprocessing = 0;
		};
/* End PBXSourcesBuildPhase section */

/* Begin PBXTargetDependency section */
		__Dependency_TensorSwift /* PBXTargetDependency */ = {
			isa = PBXTargetDependency;
			target = "______Target_TensorSwift" /* TensorSwift */;
			targetProxy = A7DF6EB61D9A1AC40097CEB7 /* PBXContainerItemProxy */;
		};
/* End PBXTargetDependency section */

/* Begin XCBuildConfiguration section */
		_ReleaseConf_TensorSwift /* Release */ = {
			isa = XCBuildConfiguration;
			buildSettings = {
				ENABLE_TESTABILITY = YES;
				FRAMEWORK_SEARCH_PATHS = "$(PLATFORM_DIR)/Developer/Library/Frameworks";
				INFOPLIST_FILE = TensorSwift.xcodeproj/TensorSwift_Info.plist;
				IPHONEOS_DEPLOYMENT_TARGET = 8.0;
				LD_RUNPATH_SEARCH_PATHS = "$(TOOLCHAIN_DIR)/usr/lib/swift/macosx";
				OTHER_LDFLAGS = "$(inherited)";
				OTHER_SWIFT_FLAGS = "$(inherited)";
				PRODUCT_BUNDLE_IDENTIFIER = TensorSwift;
				PRODUCT_MODULE_NAME = "$(TARGET_NAME:c99extidentifier)";
				PRODUCT_NAME = "$(TARGET_NAME:c99extidentifier)";
				SWIFT_VERSION = 3.0;
			};
			name = Release;
		};
		_ReleaseConf_TensorSwiftTests /* Release */ = {
			isa = XCBuildConfiguration;
			buildSettings = {
				CLANG_ENABLE_MODULES = YES;
				EMBEDDED_CONTENT_CONTAINS_SWIFT = YES;
				FRAMEWORK_SEARCH_PATHS = "$(PLATFORM_DIR)/Developer/Library/Frameworks";
				INFOPLIST_FILE = TensorSwift.xcodeproj/TensorSwiftTests_Info.plist;
				LD_RUNPATH_SEARCH_PATHS = "@loader_path/../Frameworks";
				OTHER_LDFLAGS = "$(inherited)";
				OTHER_SWIFT_FLAGS = "$(inherited)";
				SWIFT_VERSION = 3.0;
			};
			name = Release;
		};
		"___DebugConf_TensorSwift" /* Debug */ = {
			isa = XCBuildConfiguration;
			buildSettings = {
				ENABLE_TESTABILITY = YES;
				FRAMEWORK_SEARCH_PATHS = "$(PLATFORM_DIR)/Developer/Library/Frameworks";
				INFOPLIST_FILE = TensorSwift.xcodeproj/TensorSwift_Info.plist;
				IPHONEOS_DEPLOYMENT_TARGET = 8.0;
				LD_RUNPATH_SEARCH_PATHS = "$(TOOLCHAIN_DIR)/usr/lib/swift/macosx";
				OTHER_LDFLAGS = "$(inherited)";
				OTHER_SWIFT_FLAGS = "$(inherited)";
				PRODUCT_BUNDLE_IDENTIFIER = TensorSwift;
				PRODUCT_MODULE_NAME = "$(TARGET_NAME:c99extidentifier)";
				PRODUCT_NAME = "$(TARGET_NAME:c99extidentifier)";
				SWIFT_OPTIMIZATION_LEVEL = "-Onone";
				SWIFT_VERSION = 3.0;
			};
			name = Debug;
		};
		"___DebugConf_TensorSwiftTests" /* Debug */ = {
			isa = XCBuildConfiguration;
			buildSettings = {
				CLANG_ENABLE_MODULES = YES;
				EMBEDDED_CONTENT_CONTAINS_SWIFT = YES;
				FRAMEWORK_SEARCH_PATHS = "$(PLATFORM_DIR)/Developer/Library/Frameworks";
				INFOPLIST_FILE = TensorSwift.xcodeproj/TensorSwiftTests_Info.plist;
				LD_RUNPATH_SEARCH_PATHS = "@loader_path/../Frameworks";
				OTHER_LDFLAGS = "$(inherited)";
				OTHER_SWIFT_FLAGS = "$(inherited)";
				SWIFT_OPTIMIZATION_LEVEL = "-Onone";
				SWIFT_VERSION = 3.0;
			};
			name = Debug;
		};
		"_____Release_" /* Release */ = {
			isa = XCBuildConfiguration;
			baseConfigurationReference = __PBXFileRef_TensorSwift.xcodeproj/Configs/Project.xcconfig /* TensorSwift.xcodeproj/Configs/Project.xcconfig */;
			buildSettings = {
			};
			name = Release;
		};
		"_______Debug_" /* Debug */ = {
			isa = XCBuildConfiguration;
			baseConfigurationReference = __PBXFileRef_TensorSwift.xcodeproj/Configs/Project.xcconfig /* TensorSwift.xcodeproj/Configs/Project.xcconfig */;
			buildSettings = {
			};
			name = Debug;
		};
/* End XCBuildConfiguration section */

/* Begin XCConfigurationList section */
		"___RootConfs_" /* Build configuration list for PBXProject "TensorSwift" */ = {
			isa = XCConfigurationList;
			buildConfigurations = (
				"_______Debug_" /* Debug */,
				"_____Release_" /* Release */,
			);
			defaultConfigurationIsVisible = 0;
			defaultConfigurationName = Debug;
		};
		"_______Confs_TensorSwift" /* Build configuration list for PBXNativeTarget "TensorSwift" */ = {
			isa = XCConfigurationList;
			buildConfigurations = (
				"___DebugConf_TensorSwift" /* Debug */,
				_ReleaseConf_TensorSwift /* Release */,
			);
			defaultConfigurationIsVisible = 0;
			defaultConfigurationName = Debug;
		};
		"_______Confs_TensorSwiftTests" /* Build configuration list for PBXNativeTarget "TensorSwiftTests" */ = {
			isa = XCConfigurationList;
			buildConfigurations = (
				"___DebugConf_TensorSwiftTests" /* Debug */,
				_ReleaseConf_TensorSwiftTests /* Release */,
			);
			defaultConfigurationIsVisible = 0;
			defaultConfigurationName = Debug;
		};
/* End XCConfigurationList section */
	};
	rootObject = __RootObject_ /* Project object */;
}
